
Microsoft Visual Studio Solution File, Format Version 12.00
# Visual Studio Version 16
VisualStudioVersion = 16.0.32126.315
MinimumVisualStudioVersion = 10.0.40219.1
Project("{FAE04EC0-301F-11D3-BF4B-00C04F79EFBC}") = "CoreAPIIntigration", "CoreAPIIntigration.csproj", "{A6472CA0-2AA7-4390-8F66-9A4FCAB75662}"
EndProject
Global
	GlobalSection(SolutionConfigurationPlatforms) = preSolution
		Debug|Any CPU = Debug|Any CPU
		Release|Any CPU = Release|Any CPU
	EndGlobalSection
	GlobalSection(ProjectConfigurationPlatforms) = postSolution
		{A6472CA0-2AA7-4390-8F66-9A4FCAB75662}.Debug|Any CPU.ActiveCfg = Debug|Any CPU
		{A6472CA0-2AA7-4390-8F66-9A4FCAB75662}.Debug|Any CPU.Build.0 = Debug|Any CPU
		{A6472CA0-2AA7-4390-8F66-9A4FCAB75662}.Release|Any CPU.ActiveCfg = Release|Any CPU
		{A6472CA0-2AA7-4390-8F66-9A4FCAB75662}.Release|Any CPU.Build.0 = Release|Any CPU
	EndGlobalSection
	GlobalSection(SolutionProperties) = preSolution
		HideSolutionNode = FALSE
	EndGlobalSection
	GlobalSection(ExtensibilityGlobals) = postSolution
		SolutionGuid = {0315C079-5C0C-4843-B39A-91B3B34E96A2}
	EndGlobalSection
EndGlobal
